
Microsoft Visual Studio Solution File, Format Version 12.00
# Visual Studio Version 16
VisualStudioVersion = 16.0.30503.244
MinimumVisualStudioVersion = 10.0.40219.1
Project("{FAE04EC0-301F-11D3-BF4B-00C04F79EFBC}") = "TpGithub", "TpGithub\TpGithub.csproj", "{6F0C4B65-492F-4A01-B877-081BD7F40C6F}"
EndProject
Project("{FAE04EC0-301F-11D3-BF4B-00C04F79EFBC}") = "GitHubMetier", "GitHubMetier\GitHubMetier.csproj", "{DDDC6BBF-4350-47A8-9C75-36832C27B004}"
EndProject
Global
	GlobalSection(SolutionConfigurationPlatforms) = preSolution
		Debug|Any CPU = Debug|Any CPU
		Release|Any CPU = Release|Any CPU
	EndGlobalSection
	GlobalSection(ProjectConfigurationPlatforms) = postSolution
		{6F0C4B65-492F-4A01-B877-081BD7F40C6F}.Debug|Any CPU.ActiveCfg = Debug|Any CPU
		{6F0C4B65-492F-4A01-B877-081BD7F40C6F}.Debug|Any CPU.Build.0 = Debug|Any CPU
		{6F0C4B65-492F-4A01-B877-081BD7F40C6F}.Release|Any CPU.ActiveCfg = Release|Any CPU
		{6F0C4B65-492F-4A01-B877-081BD7F40C6F}.Release|Any CPU.Build.0 = Release|Any CPU
		{DDDC6BBF-4350-47A8-9C75-36832C27B004}.Debug|Any CPU.ActiveCfg = Debug|Any CPU
		{DDDC6BBF-4350-47A8-9C75-36832C27B004}.Debug|Any CPU.Build.0 = Debug|Any CPU
		{DDDC6BBF-4350-47A8-9C75-36832C27B004}.Release|Any CPU.ActiveCfg = Release|Any CPU
		{DDDC6BBF-4350-47A8-9C75-36832C27B004}.Release|Any CPU.Build.0 = Release|Any CPU
	EndGlobalSection
	GlobalSection(SolutionProperties) = preSolution
		HideSolutionNode = FALSE
	EndGlobalSection
	GlobalSection(ExtensibilityGlobals) = postSolution
		SolutionGuid = {9B082119-2878-4C0D-A00C-34132AD720E7}
	EndGlobalSection
EndGlobal
